
Microsoft Visual Studio Solution File, Format Version 12.00
# Visual Studio Version 17
VisualStudioVersion = 17.5.002.0
MinimumVisualStudioVersion = 10.0.40219.1
Project("{9A19103F-16F7-4668-BE54-9A1E7A4F7556}") = "mvc-project", "mvc-project.csproj", "{C18DE7DF-FF46-44E8-A091-90CA87B92C80}"
EndProject
Global
	GlobalSection(SolutionConfigurationPlatforms) = preSolution
		Debug|Any CPU = Debug|Any CPU
		Release|Any CPU = Release|Any CPU
	EndGlobalSection
	GlobalSection(ProjectConfigurationPlatforms) = postSolution
		{C18DE7DF-FF46-44E8-A091-90CA87B92C80}.Debug|Any CPU.ActiveCfg = Debug|Any CPU
		{C18DE7DF-FF46-44E8-A091-90CA87B92C80}.Debug|Any CPU.Build.0 = Debug|Any CPU
		{C18DE7DF-FF46-44E8-A091-90CA87B92C80}.Release|Any CPU.ActiveCfg = Release|Any CPU
		{C18DE7DF-FF46-44E8-A091-90CA87B92C80}.Release|Any CPU.Build.0 = Release|Any CPU
	EndGlobalSection
	GlobalSection(SolutionProperties) = preSolution
		HideSolutionNode = FALSE
	EndGlobalSection
	GlobalSection(ExtensibilityGlobals) = postSolution
		SolutionGuid = {FE6C2C3A-FC9A-4C5A-96AA-D0D7348816DB}
	EndGlobalSection
EndGlobal
